
Microsoft Visual Studio Solution File, Format Version 12.00
# Visual Studio Version 17
VisualStudioVersion = 17.0.32126.317
MinimumVisualStudioVersion = 10.0.40219.1
Project("{2150E333-8FDC-42A3-9474-1A3956D46DE8}") = "src", "src", "{B008D4CC-E4BF-47C0-BA84-971CCAE82298}"
EndProject
Project("{2150E333-8FDC-42A3-9474-1A3956D46DE8}") = "test", "test", "{72A3F62D-F562-41DE-8227-4E9748FD3F67}"
EndProject
Project("{2150E333-8FDC-42A3-9474-1A3956D46DE8}") = "API", "API", "{19227603-95E7-4E08-89CF-39EC3E9A79A5}"
EndProject
Project("{2150E333-8FDC-42A3-9474-1A3956D46DE8}") = "Core", "Core", "{F8845904-82D6-49D9-904E-BF01960BAB50}"
EndProject
Project("{2150E333-8FDC-42A3-9474-1A3956D46DE8}") = "UI", "UI", "{B7F885EE-524C-462A-AA7B-6FB6D535E566}"
EndProject
Project("{2150E333-8FDC-42A3-9474-1A3956D46DE8}") = "Infrastracture", "Infrastracture", "{DC37FC0F-286B-44F4-954A-C3FC838E2FE0}"
EndProject
Project("{9A19103F-16F7-4668-BE54-9A1E7A4F7556}") = "CA.Application", "CA.Application\CA.Application.csproj", "{A9AE7DB0-EC6D-4FEB-ACD0-C48E80F49DBF}"
EndProject
Project("{9A19103F-16F7-4668-BE54-9A1E7A4F7556}") = "CA.Domain", "CA.Domain\CA.Domain.csproj", "{02003AFE-1449-4C29-9552-701682AB2C7B}"
EndProject
Project("{9A19103F-16F7-4668-BE54-9A1E7A4F7556}") = "CA.Infrastructrue", "CA_Management.Infrastructrue\CA.Infrastructrue.csproj", "{D0FE7A3A-241E-43EE-9945-22A198B18F73}"
EndProject
Project("{9A19103F-16F7-4668-BE54-9A1E7A4F7556}") = "CA.Persistance", "CA_Management.Persistance\CA.Persistance.csproj", "{3A4106FA-26C8-4A19-9F32-C68A381EBDC7}"
EndProject
Project("{9A19103F-16F7-4668-BE54-9A1E7A4F7556}") = "CA.API", "CA.API\CA.API.csproj", "{76D7E2DF-0A18-4269-9CB1-B9770B7A3659}"
EndProject
Project("{9A19103F-16F7-4668-BE54-9A1E7A4F7556}") = "CA.Application.UnitTest", "CA.Application.UnitTest\CA.Application.UnitTest.csproj", "{97231B15-439A-438F-91BD-A151002F8245}"
EndProject
Project("{FAE04EC0-301F-11D3-BF4B-00C04F79EFBC}") = "CA.MVC", "CA.MVC\CA.MVC.csproj", "{96805A9A-268E-4479-B12A-917398350BCA}"
EndProject
Global
	GlobalSection(SolutionConfigurationPlatforms) = preSolution
		Debug|Any CPU = Debug|Any CPU
		Release|Any CPU = Release|Any CPU
	EndGlobalSection
	GlobalSection(ProjectConfigurationPlatforms) = postSolution
		{A9AE7DB0-EC6D-4FEB-ACD0-C48E80F49DBF}.Debug|Any CPU.ActiveCfg = Debug|Any CPU
		{A9AE7DB0-EC6D-4FEB-ACD0-C48E80F49DBF}.Debug|Any CPU.Build.0 = Debug|Any CPU
		{A9AE7DB0-EC6D-4FEB-ACD0-C48E80F49DBF}.Release|Any CPU.ActiveCfg = Release|Any CPU
		{A9AE7DB0-EC6D-4FEB-ACD0-C48E80F49DBF}.Release|Any CPU.Build.0 = Release|Any CPU
		{02003AFE-1449-4C29-9552-701682AB2C7B}.Debug|Any CPU.ActiveCfg = Debug|Any CPU
		{02003AFE-1449-4C29-9552-701682AB2C7B}.Debug|Any CPU.Build.0 = Debug|Any CPU
		{02003AFE-1449-4C29-9552-701682AB2C7B}.Release|Any CPU.ActiveCfg = Release|Any CPU
		{02003AFE-1449-4C29-9552-701682AB2C7B}.Release|Any CPU.Build.0 = Release|Any CPU
		{D0FE7A3A-241E-43EE-9945-22A198B18F73}.Debug|Any CPU.ActiveCfg = Debug|Any CPU
		{D0FE7A3A-241E-43EE-9945-22A198B18F73}.Debug|Any CPU.Build.0 = Debug|Any CPU
		{D0FE7A3A-241E-43EE-9945-22A198B18F73}.Release|Any CPU.ActiveCfg = Release|Any CPU
		{D0FE7A3A-241E-43EE-9945-22A198B18F73}.Release|Any CPU.Build.0 = Release|Any CPU
		{3A4106FA-26C8-4A19-9F32-C68A381EBDC7}.Debug|Any CPU.ActiveCfg = Debug|Any CPU
		{3A4106FA-26C8-4A19-9F32-C68A381EBDC7}.Debug|Any CPU.Build.0 = Debug|Any CPU
		{3A4106FA-26C8-4A19-9F32-C68A381EBDC7}.Release|Any CPU.ActiveCfg = Release|Any CPU
		{3A4106FA-26C8-4A19-9F32-C68A381EBDC7}.Release|Any CPU.Build.0 = Release|Any CPU
		{76D7E2DF-0A18-4269-9CB1-B9770B7A3659}.Debug|Any CPU.ActiveCfg = Debug|Any CPU
		{76D7E2DF-0A18-4269-9CB1-B9770B7A3659}.Debug|Any CPU.Build.0 = Debug|Any CPU
		{76D7E2DF-0A18-4269-9CB1-B9770B7A3659}.Release|Any CPU.ActiveCfg = Release|Any CPU
		{76D7E2DF-0A18-4269-9CB1-B9770B7A3659}.Release|Any CPU.Build.0 = Release|Any CPU
		{97231B15-439A-438F-91BD-A151002F8245}.Debug|Any CPU.ActiveCfg = Debug|Any CPU
		{97231B15-439A-438F-91BD-A151002F8245}.Debug|Any CPU.Build.0 = Debug|Any CPU
		{97231B15-439A-438F-91BD-A151002F8245}.Release|Any CPU.ActiveCfg = Release|Any CPU
		{97231B15-439A-438F-91BD-A151002F8245}.Release|Any CPU.Build.0 = Release|Any CPU
		{96805A9A-268E-4479-B12A-917398350BCA}.Debug|Any CPU.ActiveCfg = Debug|Any CPU
		{96805A9A-268E-4479-B12A-917398350BCA}.Debug|Any CPU.Build.0 = Debug|Any CPU
		{96805A9A-268E-4479-B12A-917398350BCA}.Release|Any CPU.ActiveCfg = Release|Any CPU
		{96805A9A-268E-4479-B12A-917398350BCA}.Release|Any CPU.Build.0 = Release|Any CPU
	EndGlobalSection
	GlobalSection(SolutionProperties) = preSolution
		HideSolutionNode = FALSE
	EndGlobalSection
	GlobalSection(NestedProjects) = preSolution
		{19227603-95E7-4E08-89CF-39EC3E9A79A5} = {B008D4CC-E4BF-47C0-BA84-971CCAE82298}
		{F8845904-82D6-49D9-904E-BF01960BAB50} = {B008D4CC-E4BF-47C0-BA84-971CCAE82298}
		{B7F885EE-524C-462A-AA7B-6FB6D535E566} = {B008D4CC-E4BF-47C0-BA84-971CCAE82298}
		{DC37FC0F-286B-44F4-954A-C3FC838E2FE0} = {B008D4CC-E4BF-47C0-BA84-971CCAE82298}
		{A9AE7DB0-EC6D-4FEB-ACD0-C48E80F49DBF} = {F8845904-82D6-49D9-904E-BF01960BAB50}
		{02003AFE-1449-4C29-9552-701682AB2C7B} = {F8845904-82D6-49D9-904E-BF01960BAB50}
		{D0FE7A3A-241E-43EE-9945-22A198B18F73} = {DC37FC0F-286B-44F4-954A-C3FC838E2FE0}
		{3A4106FA-26C8-4A19-9F32-C68A381EBDC7} = {DC37FC0F-286B-44F4-954A-C3FC838E2FE0}
		{76D7E2DF-0A18-4269-9CB1-B9770B7A3659} = {19227603-95E7-4E08-89CF-39EC3E9A79A5}
		{97231B15-439A-438F-91BD-A151002F8245} = {72A3F62D-F562-41DE-8227-4E9748FD3F67}
		{96805A9A-268E-4479-B12A-917398350BCA} = {B7F885EE-524C-462A-AA7B-6FB6D535E566}
	EndGlobalSection
	GlobalSection(ExtensibilityGlobals) = postSolution
		SolutionGuid = {0B735BBB-FF91-4D43-8AA1-4C675B7D9A21}
	EndGlobalSection
EndGlobal
